// !$*UTF8*$!
{
	archiveVersion = 1;
	classes = {
	};
	objectVersion = 50;
	objects = {

/* Begin PBXBuildFile section */
		883CFC7925C5D05800B1F150 /* Do__App.swift in Sources */ = {isa = PBXBuildFile; fileRef = 883CFC7825C5D05800B1F150 /* Do__App.swift */; };
		883CFC7B25C5D05800B1F150 /* ContentView.swift in Sources */ = {isa = PBXBuildFile; fileRef = 883CFC7A25C5D05800B1F150 /* ContentView.swift */; };
		883CFC7D25C5D05900B1F150 /* Assets.xcassets in Resources */ = {isa = PBXBuildFile; fileRef = 883CFC7C25C5D05900B1F150 /* Assets.xcassets */; };
		883CFC8025C5D05900B1F150 /* Preview Assets.xcassets in Resources */ = {isa = PBXBuildFile; fileRef = 883CFC7F25C5D05900B1F150 /* Preview Assets.xcassets */; };
		886CD2E825C97AEC00A357C8 /* DOIT.mp3 in Resources */ = {isa = PBXBuildFile; fileRef = 886CD2E725C97AEC00A357C8 /* DOIT.mp3 */; };
		886CD2EB25C97B1D00A357C8 /* PlaySound.swift in Sources */ = {isa = PBXBuildFile; fileRef = 886CD2EA25C97B1D00A357C8 /* PlaySound.swift */; };
		886CD2EE25C9902700A357C8 /* DoButton.swift in Sources */ = {isa = PBXBuildFile; fileRef = 886CD2ED25C9902700A357C8 /* DoButton.swift */; };
		886CD2F125C9994900A357C8 /* justdoit.mp3 in Resources */ = {isa = PBXBuildFile; fileRef = 886CD2F025C9994900A357C8 /* justdoit.mp3 */; };
		886CD2FA25C99B5500A357C8 /* WidgetKit.framework in Frameworks */ = {isa = PBXBuildFile; fileRef = 886CD2F925C99B5500A357C8 /* WidgetKit.framework */; };
		886CD2FC25C99B5500A357C8 /* SwiftUI.framework in Frameworks */ = {isa = PBXBuildFile; fileRef = 886CD2FB25C99B5500A357C8 /* SwiftUI.framework */; };
		886CD2FF25C99B5500A357C8 /* Do__Widget.swift in Sources */ = {isa = PBXBuildFile; fileRef = 886CD2FE25C99B5500A357C8 /* Do__Widget.swift */; };
		886CD30125C99B5600A357C8 /* Assets.xcassets in Resources */ = {isa = PBXBuildFile; fileRef = 886CD30025C99B5600A357C8 /* Assets.xcassets */; };
		886CD30525C99B5600A357C8 /* Do!!WidgetExtension.appex in Embed App Extensions */ = {isa = PBXBuildFile; fileRef = 886CD2F725C99B5500A357C8 /* Do!!WidgetExtension.appex */; settings = {ATTRIBUTES = (RemoveHeadersOnCopy, ); }; };
		886CD32725C9C1C800A357C8 /* SettingView.swift in Sources */ = {isa = PBXBuildFile; fileRef = 886CD32625C9C1C800A357C8 /* SettingView.swift */; };
		886CD32B25C9E58700A357C8 /* Walkthrough.swift in Sources */ = {isa = PBXBuildFile; fileRef = 886CD32A25C9E58700A357C8 /* Walkthrough.swift */; };
/* End PBXBuildFile section */

/* Begin PBXContainerItemProxy section */
		886CD30325C99B5600A357C8 /* PBXContainerItemProxy */ = {
			isa = PBXContainerItemProxy;
			containerPortal = 883CFC6D25C5D05800B1F150 /* Project object */;
			proxyType = 1;
			remoteGlobalIDString = 886CD2F625C99B5500A357C8;
			remoteInfo = "Do!!WidgetExtension";
		};
/* End PBXContainerItemProxy section */

/* Begin PBXCopyFilesBuildPhase section */
		886CD30925C99B5600A357C8 /* Embed App Extensions */ = {
			isa = PBXCopyFilesBuildPhase;
			buildActionMask = 2147483647;
			dstPath = "";
			dstSubfolderSpec = 13;
			files = (
				886CD30525C99B5600A357C8 /* Do!!WidgetExtension.appex in Embed App Extensions */,
			);
			name = "Embed App Extensions";
			runOnlyForDeploymentPostprocessing = 0;
		};
/* End PBXCopyFilesBuildPhase section */

/* Begin PBXFileReference section */
		883CFC7525C5D05800B1F150 /* Do!!.app */ = {isa = PBXFileReference; explicitFileType = wrapper.application; includeInIndex = 0; path = "Do!!.app"; sourceTree = BUILT_PRODUCTS_DIR; };
		883CFC7825C5D05800B1F150 /* Do__App.swift */ = {isa = PBXFileReference; lastKnownFileType = sourcecode.swift; path = Do__App.swift; sourceTree = "<group>"; };
		883CFC7A25C5D05800B1F150 /* ContentView.swift */ = {isa = PBXFileReference; lastKnownFileType = sourcecode.swift; path = ContentView.swift; sourceTree = "<group>"; };
		883CFC7C25C5D05900B1F150 /* Assets.xcassets */ = {isa = PBXFileReference; lastKnownFileType = folder.assetcatalog; path = Assets.xcassets; sourceTree = "<group>"; };
		883CFC7F25C5D05900B1F150 /* Preview Assets.xcassets */ = {isa = PBXFileReference; lastKnownFileType = folder.assetcatalog; path = "Preview Assets.xcassets"; sourceTree = "<group>"; };
		883CFC8125C5D05900B1F150 /* Info.plist */ = {isa = PBXFileReference; lastKnownFileType = text.plist.xml; path = Info.plist; sourceTree = "<group>"; };
		886CD2E725C97AEC00A357C8 /* DOIT.mp3 */ = {isa = PBXFileReference; lastKnownFileType = audio.mp3; name = DOIT.mp3; path = Design/DOIT.mp3; sourceTree = SOURCE_ROOT; };
		886CD2EA25C97B1D00A357C8 /* PlaySound.swift */ = {isa = PBXFileReference; lastKnownFileType = sourcecode.swift; path = PlaySound.swift; sourceTree = "<group>"; };
		886CD2ED25C9902700A357C8 /* DoButton.swift */ = {isa = PBXFileReference; lastKnownFileType = sourcecode.swift; path = DoButton.swift; sourceTree = "<group>"; };
		886CD2F025C9994900A357C8 /* justdoit.mp3 */ = {isa = PBXFileReference; lastKnownFileType = audio.mp3; name = justdoit.mp3; path = Design/justdoit.mp3; sourceTree = SOURCE_ROOT; };
		886CD2F725C99B5500A357C8 /* Do!!WidgetExtension.appex */ = {isa = PBXFileReference; explicitFileType = "wrapper.app-extension"; includeInIndex = 0; path = "Do!!WidgetExtension.appex"; sourceTree = BUILT_PRODUCTS_DIR; };
		886CD2F925C99B5500A357C8 /* WidgetKit.framework */ = {isa = PBXFileReference; lastKnownFileType = wrapper.framework; name = WidgetKit.framework; path = System/Library/Frameworks/WidgetKit.framework; sourceTree = SDKROOT; };
		886CD2FB25C99B5500A357C8 /* SwiftUI.framework */ = {isa = PBXFileReference; lastKnownFileType = wrapper.framework; name = SwiftUI.framework; path = System/Library/Frameworks/SwiftUI.framework; sourceTree = SDKROOT; };
		886CD2FE25C99B5500A357C8 /* Do__Widget.swift */ = {isa = PBXFileReference; lastKnownFileType = sourcecode.swift; path = Do__Widget.swift; sourceTree = "<group>"; };
		886CD30025C99B5600A357C8 /* Assets.xcassets */ = {isa = PBXFileReference; lastKnownFileType = folder.assetcatalog; path = Assets.xcassets; sourceTree = "<group>"; };
		886CD30225C99B5600A357C8 /* Info.plist */ = {isa = PBXFileReference; lastKnownFileType = text.plist.xml; path = Info.plist; sourceTree = "<group>"; };
		886CD30C25C99BB500A357C8 /* Do!!.entitlements */ = {isa = PBXFileReference; lastKnownFileType = text.plist.entitlements; path = "Do!!.entitlements"; sourceTree = "<group>"; };
		886CD30F25C99C4100A357C8 /* Do!!WidgetExtension.entitlements */ = {isa = PBXFileReference; lastKnownFileType = text.plist.entitlements; path = "Do!!WidgetExtension.entitlements"; sourceTree = "<group>"; };
		886CD32625C9C1C800A357C8 /* SettingView.swift */ = {isa = PBXFileReference; lastKnownFileType = sourcecode.swift; path = SettingView.swift; sourceTree = "<group>"; };
		886CD32A25C9E58700A357C8 /* Walkthrough.swift */ = {isa = PBXFileReference; fileEncoding = 4; lastKnownFileType = sourcecode.swift; path = Walkthrough.swift; sourceTree = "<group>"; };
/* End PBXFileReference section */

/* Begin PBXFrameworksBuildPhase section */
		883CFC7225C5D05800B1F150 /* Frameworks */ = {
			isa = PBXFrameworksBuildPhase;
			buildActionMask = 2147483647;
			files = (
			);
			runOnlyForDeploymentPostprocessing = 0;
		};
		886CD2F425C99B5500A357C8 /* Frameworks */ = {
			isa = PBXFrameworksBuildPhase;
			buildActionMask = 2147483647;
			files = (
				886CD2FC25C99B5500A357C8 /* SwiftUI.framework in Frameworks */,
				886CD2FA25C99B5500A357C8 /* WidgetKit.framework in Frameworks */,
			);
			runOnlyForDeploymentPostprocessing = 0;
		};
/* End PBXFrameworksBuildPhase section */

/* Begin PBXGroup section */
		883CFC6C25C5D05800B1F150 = {
			isa = PBXGroup;
			children = (
				886CD30F25C99C4100A357C8 /* Do!!WidgetExtension.entitlements */,
				883CFC7725C5D05800B1F150 /* Do!! */,
				886CD2FD25C99B5500A357C8 /* Do!!Widget */,
				886CD2F825C99B5500A357C8 /* Frameworks */,
				883CFC7625C5D05800B1F150 /* Products */,
			);
			sourceTree = "<group>";
		};
		883CFC7625C5D05800B1F150 /* Products */ = {
			isa = PBXGroup;
			children = (
				883CFC7525C5D05800B1F150 /* Do!!.app */,
				886CD2F725C99B5500A357C8 /* Do!!WidgetExtension.appex */,
			);
			name = Products;
			sourceTree = "<group>";
		};
		883CFC7725C5D05800B1F150 /* Do!! */ = {
			isa = PBXGroup;
			children = (
				886CD30C25C99BB500A357C8 /* Do!!.entitlements */,
				886CD2E725C97AEC00A357C8 /* DOIT.mp3 */,
				886CD2F025C9994900A357C8 /* justdoit.mp3 */,
				883CFC7825C5D05800B1F150 /* Do__App.swift */,
				886CD32A25C9E58700A357C8 /* Walkthrough.swift */,
				883CFC7A25C5D05800B1F150 /* ContentView.swift */,
				886CD32625C9C1C800A357C8 /* SettingView.swift */,
				886CD2ED25C9902700A357C8 /* DoButton.swift */,
				886CD2EA25C97B1D00A357C8 /* PlaySound.swift */,
				883CFC7C25C5D05900B1F150 /* Assets.xcassets */,
				883CFC8125C5D05900B1F150 /* Info.plist */,
				883CFC7E25C5D05900B1F150 /* Preview Content */,
			);
			path = "Do!!";
			sourceTree = "<group>";
		};
		883CFC7E25C5D05900B1F150 /* Preview Content */ = {
			isa = PBXGroup;
			children = (
				883CFC7F25C5D05900B1F150 /* Preview Assets.xcassets */,
			);
			path = "Preview Content";
			sourceTree = "<group>";
		};
		886CD2F825C99B5500A357C8 /* Frameworks */ = {
			isa = PBXGroup;
			children = (
				886CD2F925C99B5500A357C8 /* WidgetKit.framework */,
				886CD2FB25C99B5500A357C8 /* SwiftUI.framework */,
			);
			name = Frameworks;
			sourceTree = "<group>";
		};
		886CD2FD25C99B5500A357C8 /* Do!!Widget */ = {
			isa = PBXGroup;
			children = (
				886CD2FE25C99B5500A357C8 /* Do__Widget.swift */,
				886CD30025C99B5600A357C8 /* Assets.xcassets */,
				886CD30225C99B5600A357C8 /* Info.plist */,
			);
			path = "Do!!Widget";
			sourceTree = "<group>";
		};
/* End PBXGroup section */

/* Begin PBXNativeTarget section */
		883CFC7425C5D05800B1F150 /* Do!! */ = {
			isa = PBXNativeTarget;
			buildConfigurationList = 883CFC8425C5D05900B1F150 /* Build configuration list for PBXNativeTarget "Do!!" */;
			buildPhases = (
				883CFC7125C5D05800B1F150 /* Sources */,
				883CFC7225C5D05800B1F150 /* Frameworks */,
				883CFC7325C5D05800B1F150 /* Resources */,
				886CD30925C99B5600A357C8 /* Embed App Extensions */,
			);
			buildRules = (
			);
			dependencies = (
				886CD30425C99B5600A357C8 /* PBXTargetDependency */,
			);
			name = "Do!!";
			productName = "Do!!";
			productReference = 883CFC7525C5D05800B1F150 /* Do!!.app */;
			productType = "com.apple.product-type.application";
		};
		886CD2F625C99B5500A357C8 /* Do!!WidgetExtension */ = {
			isa = PBXNativeTarget;
			buildConfigurationList = 886CD30625C99B5600A357C8 /* Build configuration list for PBXNativeTarget "Do!!WidgetExtension" */;
			buildPhases = (
				886CD2F325C99B5500A357C8 /* Sources */,
				886CD2F425C99B5500A357C8 /* Frameworks */,
				886CD2F525C99B5500A357C8 /* Resources */,
			);
			buildRules = (
			);
			dependencies = (
			);
			name = "Do!!WidgetExtension";
			productName = "Do!!WidgetExtension";
			productReference = 886CD2F725C99B5500A357C8 /* Do!!WidgetExtension.appex */;
			productType = "com.apple.product-type.app-extension";
		};
/* End PBXNativeTarget section */

/* Begin PBXProject section */
		883CFC6D25C5D05800B1F150 /* Project object */ = {
			isa = PBXProject;
			attributes = {
				LastSwiftUpdateCheck = 1240;
				LastUpgradeCheck = 1240;
				TargetAttributes = {
					883CFC7425C5D05800B1F150 = {
						CreatedOnToolsVersion = 12.4;
					};
					886CD2F625C99B5500A357C8 = {
						CreatedOnToolsVersion = 12.4;
					};
				};
			};
			buildConfigurationList = 883CFC7025C5D05800B1F150 /* Build configuration list for PBXProject "Do!!" */;
			compatibilityVersion = "Xcode 9.3";
			developmentRegion = en;
			hasScannedForEncodings = 0;
			knownRegions = (
				en,
				Base,
			);
			mainGroup = 883CFC6C25C5D05800B1F150;
			productRefGroup = 883CFC7625C5D05800B1F150 /* Products */;
			projectDirPath = "";
			projectRoot = "";
			targets = (
				883CFC7425C5D05800B1F150 /* Do!! */,
				886CD2F625C99B5500A357C8 /* Do!!WidgetExtension */,
			);
		};
/* End PBXProject section */

/* Begin PBXResourcesBuildPhase section */
		883CFC7325C5D05800B1F150 /* Resources */ = {
			isa = PBXResourcesBuildPhase;
			buildActionMask = 2147483647;
			files = (
				886CD2F125C9994900A357C8 /* justdoit.mp3 in Resources */,
				886CD2E825C97AEC00A357C8 /* DOIT.mp3 in Resources */,
				883CFC8025C5D05900B1F150 /* Preview Assets.xcassets in Resources */,
				883CFC7D25C5D05900B1F150 /* Assets.xcassets in Resources */,
			);
			runOnlyForDeploymentPostprocessing = 0;
		};
		886CD2F525C99B5500A357C8 /* Resources */ = {
			isa = PBXResourcesBuildPhase;
			buildActionMask = 2147483647;
			files = (
				886CD30125C99B5600A357C8 /* Assets.xcassets in Resources */,
			);
			runOnlyForDeploymentPostprocessing = 0;
		};
/* End PBXResourcesBuildPhase section */

/* Begin PBXSourcesBuildPhase section */
		883CFC7125C5D05800B1F150 /* Sources */ = {
			isa = PBXSourcesBuildPhase;
			buildActionMask = 2147483647;
			files = (
				886CD32B25C9E58700A357C8 /* Walkthrough.swift in Sources */,
				886CD2EE25C9902700A357C8 /* DoButton.swift in Sources */,
				886CD32725C9C1C800A357C8 /* SettingView.swift in Sources */,
				883CFC7B25C5D05800B1F150 /* ContentView.swift in Sources */,
				886CD2EB25C97B1D00A357C8 /* PlaySound.swift in Sources */,
				883CFC7925C5D05800B1F150 /* Do__App.swift in Sources */,
			);
			runOnlyForDeploymentPostprocessing = 0;
		};
		886CD2F325C99B5500A357C8 /* Sources */ = {
			isa = PBXSourcesBuildPhase;
			buildActionMask = 2147483647;
			files = (
				886CD2FF25C99B5500A357C8 /* Do__Widget.swift in Sources */,
			);
			runOnlyForDeploymentPostprocessing = 0;
		};
/* End PBXSourcesBuildPhase section */

/* Begin PBXTargetDependency section */
		886CD30425C99B5600A357C8 /* PBXTargetDependency */ = {
			isa = PBXTargetDependency;
			target = 886CD2F625C99B5500A357C8 /* Do!!WidgetExtension */;
			targetProxy = 886CD30325C99B5600A357C8 /* PBXContainerItemProxy */;
		};
/* End PBXTargetDependency section */

/* Begin XCBuildConfiguration section */
		883CFC8225C5D05900B1F150 /* Debug */ = {
			isa = XCBuildConfiguration;
			buildSettings = {
				ALWAYS_SEARCH_USER_PATHS = NO;
				CLANG_ANALYZER_NONNULL = YES;
				CLANG_ANALYZER_NUMBER_OBJECT_CONVERSION = YES_AGGRESSIVE;
				CLANG_CXX_LANGUAGE_STANDARD = "gnu++14";
				CLANG_CXX_LIBRARY = "libc++";
				CLANG_ENABLE_MODULES = YES;
				CLANG_ENABLE_OBJC_ARC = YES;
				CLANG_ENABLE_OBJC_WEAK = YES;
				CLANG_WARN_BLOCK_CAPTURE_AUTORELEASING = YES;
				CLANG_WARN_BOOL_CONVERSION = YES;
				CLANG_WARN_COMMA = YES;
				CLANG_WARN_CONSTANT_CONVERSION = YES;
				CLANG_WARN_DEPRECATED_OBJC_IMPLEMENTATIONS = YES;
				CLANG_WARN_DIRECT_OBJC_ISA_USAGE = YES_ERROR;
				CLANG_WARN_DOCUMENTATION_COMMENTS = YES;
				CLANG_WARN_EMPTY_BODY = YES;
				CLANG_WARN_ENUM_CONVERSION = YES;
				CLANG_WARN_INFINITE_RECURSION = YES;
				CLANG_WARN_INT_CONVERSION = YES;
				CLANG_WARN_NON_LITERAL_NULL_CONVERSION = YES;
				CLANG_WARN_OBJC_IMPLICIT_RETAIN_SELF = YES;
				CLANG_WARN_OBJC_LITERAL_CONVERSION = YES;
				CLANG_WARN_OBJC_ROOT_CLASS = YES_ERROR;
				CLANG_WARN_QUOTED_INCLUDE_IN_FRAMEWORK_HEADER = YES;
				CLANG_WARN_RANGE_LOOP_ANALYSIS = YES;
				CLANG_WARN_STRICT_PROTOTYPES = YES;
				CLANG_WARN_SUSPICIOUS_MOVE = YES;
				CLANG_WARN_UNGUARDED_AVAILABILITY = YES_AGGRESSIVE;
				CLANG_WARN_UNREACHABLE_CODE = YES;
				CLANG_WARN__DUPLICATE_METHOD_MATCH = YES;
				COPY_PHASE_STRIP = NO;
				DEBUG_INFORMATION_FORMAT = dwarf;
				ENABLE_STRICT_OBJC_MSGSEND = YES;
				ENABLE_TESTABILITY = YES;
				GCC_C_LANGUAGE_STANDARD = gnu11;
				GCC_DYNAMIC_NO_PIC = NO;
				GCC_NO_COMMON_BLOCKS = YES;
				GCC_OPTIMIZATION_LEVEL = 0;
				GCC_PREPROCESSOR_DEFINITIONS = (
					"DEBUG=1",
					"$(inherited)",
				);
				GCC_WARN_64_TO_32_BIT_CONVERSION = YES;
				GCC_WARN_ABOUT_RETURN_TYPE = YES_ERROR;
				GCC_WARN_UNDECLARED_SELECTOR = YES;
				GCC_WARN_UNINITIALIZED_AUTOS = YES_AGGRESSIVE;
				GCC_WARN_UNUSED_FUNCTION = YES;
				GCC_WARN_UNUSED_VARIABLE = YES;
				IPHONEOS_DEPLOYMENT_TARGET = 14.3;
				MTL_ENABLE_DEBUG_INFO = INCLUDE_SOURCE;
				MTL_FAST_MATH = YES;
				ONLY_ACTIVE_ARCH = YES;
				SDKROOT = iphoneos;
				SWIFT_ACTIVE_COMPILATION_CONDITIONS = DEBUG;
				SWIFT_OPTIMIZATION_LEVEL = "-Onone";
			};
			name = Debug;
		};
		883CFC8325C5D05900B1F150 /* Release */ = {
			isa = XCBuildConfiguration;
			buildSettings = {
				ALWAYS_SEARCH_USER_PATHS = NO;
				CLANG_ANALYZER_NONNULL = YES;
				CLANG_ANALYZER_NUMBER_OBJECT_CONVERSION = YES_AGGRESSIVE;
				CLANG_CXX_LANGUAGE_STANDARD = "gnu++14";
				CLANG_CXX_LIBRARY = "libc++";
				CLANG_ENABLE_MODULES = YES;
				CLANG_ENABLE_OBJC_ARC = YES;
				CLANG_ENABLE_OBJC_WEAK = YES;
				CLANG_WARN_BLOCK_CAPTURE_AUTORELEASING = YES;
				CLANG_WARN_BOOL_CONVERSION = YES;
				CLANG_WARN_COMMA = YES;
				CLANG_WARN_CONSTANT_CONVERSION = YES;
				CLANG_WARN_DEPRECATED_OBJC_IMPLEMENTATIONS = YES;
				CLANG_WARN_DIRECT_OBJC_ISA_USAGE = YES_ERROR;
				CLANG_WARN_DOCUMENTATION_COMMENTS = YES;
				CLANG_WARN_EMPTY_BODY = YES;
				CLANG_WARN_ENUM_CONVERSION = YES;
				CLANG_WARN_INFINITE_RECURSION = YES;
				CLANG_WARN_INT_CONVERSION = YES;
				CLANG_WARN_NON_LITERAL_NULL_CONVERSION = YES;
				CLANG_WARN_OBJC_IMPLICIT_RETAIN_SELF = YES;
				CLANG_WARN_OBJC_LITERAL_CONVERSION = YES;
				CLANG_WARN_OBJC_ROOT_CLASS = YES_ERROR;
				CLANG_WARN_QUOTED_INCLUDE_IN_FRAMEWORK_HEADER = YES;
				CLANG_WARN_RANGE_LOOP_ANALYSIS = YES;
				CLANG_WARN_STRICT_PROTOTYPES = YES;
				CLANG_WARN_SUSPICIOUS_MOVE = YES;
				CLANG_WARN_UNGUARDED_AVAILABILITY = YES_AGGRESSIVE;
				CLANG_WARN_UNREACHABLE_CODE = YES;
				CLANG_WARN__DUPLICATE_METHOD_MATCH = YES;
				COPY_PHASE_STRIP = NO;
				DEBUG_INFORMATION_FORMAT = "dwarf-with-dsym";
				ENABLE_NS_ASSERTIONS = NO;
				ENABLE_STRICT_OBJC_MSGSEND = YES;
				GCC_C_LANGUAGE_STANDARD = gnu11;
				GCC_NO_COMMON_BLOCKS = YES;
				GCC_WARN_64_TO_32_BIT_CONVERSION = YES;
				GCC_WARN_ABOUT_RETURN_TYPE = YES_ERROR;
				GCC_WARN_UNDECLARED_SELECTOR = YES;
				GCC_WARN_UNINITIALIZED_AUTOS = YES_AGGRESSIVE;
				GCC_WARN_UNUSED_FUNCTION = YES;
				GCC_WARN_UNUSED_VARIABLE = YES;
				IPHONEOS_DEPLOYMENT_TARGET = 14.3;
				MTL_ENABLE_DEBUG_INFO = NO;
				MTL_FAST_MATH = YES;
				SDKROOT = iphoneos;
				SWIFT_COMPILATION_MODE = wholemodule;
				SWIFT_OPTIMIZATION_LEVEL = "-O";
				VALIDATE_PRODUCT = YES;
			};
			name = Release;
		};
		883CFC8525C5D05900B1F150 /* Debug */ = {
			isa = XCBuildConfiguration;
			buildSettings = {
				ALWAYS_EMBED_SWIFT_STANDARD_LIBRARIES = YES;
				ASSETCATALOG_COMPILER_APPICON_NAME = AppIcon;
				ASSETCATALOG_COMPILER_GLOBAL_ACCENT_COLOR_NAME = AccentColor;
				CODE_SIGN_ENTITLEMENTS = "Do!!/Do!!.entitlements";
				CODE_SIGN_STYLE = Automatic;
				DEVELOPMENT_ASSET_PATHS = "\"Do!!/Preview Content\"";
				DEVELOPMENT_TEAM = BDCJ47444B;
				ENABLE_PREVIEWS = YES;
				INFOPLIST_FILE = "Do!!/Info.plist";
				IPHONEOS_DEPLOYMENT_TARGET = 14.0;
				LD_RUNPATH_SEARCH_PATHS = (
					"$(inherited)",
					"@executable_path/Frameworks",
				);
				PRODUCT_BUNDLE_IDENTIFIER = "notty1990-gmail.com.Do--";
				PRODUCT_NAME = "$(TARGET_NAME)";
				SWIFT_VERSION = 5.0;
				TARGETED_DEVICE_FAMILY = 1;
			};
			name = Debug;
		};
		883CFC8625C5D05900B1F150 /* Release */ = {
			isa = XCBuildConfiguration;
			buildSettings = {
				ALWAYS_EMBED_SWIFT_STANDARD_LIBRARIES = YES;
				ASSETCATALOG_COMPILER_APPICON_NAME = AppIcon;
				ASSETCATALOG_COMPILER_GLOBAL_ACCENT_COLOR_NAME = AccentColor;
				CODE_SIGN_ENTITLEMENTS = "Do!!/Do!!.entitlements";
				CODE_SIGN_STYLE = Automatic;
				DEVELOPMENT_ASSET_PATHS = "\"Do!!/Preview Content\"";
				DEVELOPMENT_TEAM = BDCJ47444B;
				ENABLE_PREVIEWS = YES;
				INFOPLIST_FILE = "Do!!/Info.plist";
				IPHONEOS_DEPLOYMENT_TARGET = 14.0;
				LD_RUNPATH_SEARCH_PATHS = (
					"$(inherited)",
					"@executable_path/Frameworks",
				);
				PRODUCT_BUNDLE_IDENTIFIER = "notty1990-gmail.com.Do--";
				PRODUCT_NAME = "$(TARGET_NAME)";
				SWIFT_VERSION = 5.0;
				TARGETED_DEVICE_FAMILY = 1;
			};
			name = Release;
		};
		886CD30725C99B5600A357C8 /* Debug */ = {
			isa = XCBuildConfiguration;
			buildSettings = {
				ASSETCATALOG_COMPILER_GLOBAL_ACCENT_COLOR_NAME = AccentColor;
				ASSETCATALOG_COMPILER_WIDGET_BACKGROUND_COLOR_NAME = WidgetBackground;
				CODE_SIGN_ENTITLEMENTS = "Do!!WidgetExtension.entitlements";
				CODE_SIGN_STYLE = Automatic;
				DEVELOPMENT_TEAM = BDCJ47444B;
				INFOPLIST_FILE = "Do!!Widget/Info.plist";
				LD_RUNPATH_SEARCH_PATHS = (
					"$(inherited)",
					"@executable_path/Frameworks",
					"@executable_path/../../Frameworks",
				);
				PRODUCT_BUNDLE_IDENTIFIER = "notty1990-gmail.com.Do--.Do--Widget";
				PRODUCT_NAME = "$(TARGET_NAME)";
				SKIP_INSTALL = YES;
				SWIFT_VERSION = 5.0;
				TARGETED_DEVICE_FAMILY = 1;
			};
			name = Debug;
		};
		886CD30825C99B5600A357C8 /* Release */ = {
			isa = XCBuildConfiguration;
			buildSettings = {
				ASSETCATALOG_COMPILER_GLOBAL_ACCENT_COLOR_NAME = AccentColor;
				ASSETCATALOG_COMPILER_WIDGET_BACKGROUND_COLOR_NAME = WidgetBackground;
				CODE_SIGN_ENTITLEMENTS = "Do!!WidgetExtension.entitlements";
				CODE_SIGN_STYLE = Automatic;
				DEVELOPMENT_TEAM = BDCJ47444B;
				INFOPLIST_FILE = "Do!!Widget/Info.plist";
				LD_RUNPATH_SEARCH_PATHS = (
					"$(inherited)",
					"@executable_path/Frameworks",
					"@executable_path/../../Frameworks",
				);
				PRODUCT_BUNDLE_IDENTIFIER = "notty1990-gmail.com.Do--.Do--Widget";
				PRODUCT_NAME = "$(TARGET_NAME)";
				SKIP_INSTALL = YES;
				SWIFT_VERSION = 5.0;
				TARGETED_DEVICE_FAMILY = 1;
			};
			name = Release;
		};
/* End XCBuildConfiguration section */

/* Begin XCConfigurationList section */
		883CFC7025C5D05800B1F150 /* Build configuration list for PBXProject "Do!!" */ = {
			isa = XCConfigurationList;
			buildConfigurations = (
				883CFC8225C5D05900B1F150 /* Debug */,
				883CFC8325C5D05900B1F150 /* Release */,
			);
			defaultConfigurationIsVisible = 0;
			defaultConfigurationName = Release;
		};
		883CFC8425C5D05900B1F150 /* Build configuration list for PBXNativeTarget "Do!!" */ = {
			isa = XCConfigurationList;
			buildConfigurations = (
				883CFC8525C5D05900B1F150 /* Debug */,
				883CFC8625C5D05900B1F150 /* Release */,
			);
			defaultConfigurationIsVisible = 0;
			defaultConfigurationName = Release;
		};
		886CD30625C99B5600A357C8 /* Build configuration list for PBXNativeTarget "Do!!WidgetExtension" */ = {
			isa = XCConfigurationList;
			buildConfigurations = (
				886CD30725C99B5600A357C8 /* Debug */,
				886CD30825C99B5600A357C8 /* Release */,
			);
			defaultConfigurationIsVisible = 0;
			defaultConfigurationName = Release;
		};
/* End XCConfigurationList section */
	};
	rootObject = 883CFC6D25C5D05800B1F150 /* Project object */;
}
